
Microsoft Visual Studio Solution File, Format Version 12.00
# Visual Studio Version 17
VisualStudioVersion = 17.0.32126.317
MinimumVisualStudioVersion = 10.0.40219.1
Project("{2150E333-8FDC-42A3-9474-1A3956D46DE8}") = "src", "src", "{1DD7694C-42A0-4191-AB6B-2B0EF5F250DD}"
EndProject
Project("{2150E333-8FDC-42A3-9474-1A3956D46DE8}") = "tests", "tests", "{077E6577-FE0A-4B9B-83EC-C991ADF4EC17}"
EndProject
Project("{9A19103F-16F7-4668-BE54-9A1E7A4F7556}") = "ArquiveSe.Functions", "src\ArquiveSe.Functions\ArquiveSe.Functions.csproj", "{B055B67B-6FEA-485A-88BE-B1E33474BDE7}"
EndProject
Project("{9A19103F-16F7-4668-BE54-9A1E7A4F7556}") = "ArquiveSe.Infra", "src\ArquiveSe.Infra\ArquiveSe.Infra.csproj", "{4FB4DE6F-7223-4285-85E9-6265EAB8575F}"
EndProject
Project("{9A19103F-16F7-4668-BE54-9A1E7A4F7556}") = "ArquiveSe.Application", "src\ArquiveSe.Application\ArquiveSe.Application.csproj", "{BC00FEF9-2E97-487B-BC96-89B7A94F63EE}"
EndProject
Project("{9A19103F-16F7-4668-BE54-9A1E7A4F7556}") = "ArquiveSe.Domain", "src\ArquiveSe.Domain\ArquiveSe.Domain.csproj", "{C85BC905-138B-4757-8D09-F96001346047}"
EndProject
Project("{9A19103F-16F7-4668-BE54-9A1E7A4F7556}") = "ArquiveSe.App", "src\ArquiveSe.App\ArquiveSe.App.csproj", "{ACA913A8-0B87-49F8-9285-5C80C6A2E81A}"
EndProject
Project("{2150E333-8FDC-42A3-9474-1A3956D46DE8}") = "0 - Driving Adapters", "0 - Driving Adapters", "{A811E3C4-4745-4EEF-855C-AC86BDD2E426}"
EndProject
Project("{2150E333-8FDC-42A3-9474-1A3956D46DE8}") = "1 - Core", "1 - Core", "{D15BD802-0794-4169-98E2-3D4266E6A676}"
EndProject
Project("{2150E333-8FDC-42A3-9474-1A3956D46DE8}") = "2 - Driven Adapters", "2 - Driven Adapters", "{38075EFF-127B-449D-AE15-A5B420441B1B}"
EndProject
Project("{FAE04EC0-301F-11D3-BF4B-00C04F79EFBC}") = "ArquiveSe.Api", "src\ArquiveSe.Api\ArquiveSe.Api.csproj", "{3E7DD381-095E-4CAF-9EBA-F7D6BECC70B9}"
EndProject
Global
	GlobalSection(SolutionConfigurationPlatforms) = preSolution
		Debug|Any CPU = Debug|Any CPU
		Release|Any CPU = Release|Any CPU
	EndGlobalSection
	GlobalSection(ProjectConfigurationPlatforms) = postSolution
		{B055B67B-6FEA-485A-88BE-B1E33474BDE7}.Debug|Any CPU.ActiveCfg = Debug|Any CPU
		{B055B67B-6FEA-485A-88BE-B1E33474BDE7}.Debug|Any CPU.Build.0 = Debug|Any CPU
		{B055B67B-6FEA-485A-88BE-B1E33474BDE7}.Release|Any CPU.ActiveCfg = Release|Any CPU
		{B055B67B-6FEA-485A-88BE-B1E33474BDE7}.Release|Any CPU.Build.0 = Release|Any CPU
		{4FB4DE6F-7223-4285-85E9-6265EAB8575F}.Debug|Any CPU.ActiveCfg = Debug|Any CPU
		{4FB4DE6F-7223-4285-85E9-6265EAB8575F}.Debug|Any CPU.Build.0 = Debug|Any CPU
		{4FB4DE6F-7223-4285-85E9-6265EAB8575F}.Release|Any CPU.ActiveCfg = Release|Any CPU
		{4FB4DE6F-7223-4285-85E9-6265EAB8575F}.Release|Any CPU.Build.0 = Release|Any CPU
		{BC00FEF9-2E97-487B-BC96-89B7A94F63EE}.Debug|Any CPU.ActiveCfg = Debug|Any CPU
		{BC00FEF9-2E97-487B-BC96-89B7A94F63EE}.Debug|Any CPU.Build.0 = Debug|Any CPU
		{BC00FEF9-2E97-487B-BC96-89B7A94F63EE}.Release|Any CPU.ActiveCfg = Release|Any CPU
		{BC00FEF9-2E97-487B-BC96-89B7A94F63EE}.Release|Any CPU.Build.0 = Release|Any CPU
		{C85BC905-138B-4757-8D09-F96001346047}.Debug|Any CPU.ActiveCfg = Debug|Any CPU
		{C85BC905-138B-4757-8D09-F96001346047}.Debug|Any CPU.Build.0 = Debug|Any CPU
		{C85BC905-138B-4757-8D09-F96001346047}.Release|Any CPU.ActiveCfg = Release|Any CPU
		{C85BC905-138B-4757-8D09-F96001346047}.Release|Any CPU.Build.0 = Release|Any CPU
		{ACA913A8-0B87-49F8-9285-5C80C6A2E81A}.Debug|Any CPU.ActiveCfg = Debug|Any CPU
		{ACA913A8-0B87-49F8-9285-5C80C6A2E81A}.Debug|Any CPU.Build.0 = Debug|Any CPU
		{ACA913A8-0B87-49F8-9285-5C80C6A2E81A}.Release|Any CPU.ActiveCfg = Release|Any CPU
		{ACA913A8-0B87-49F8-9285-5C80C6A2E81A}.Release|Any CPU.Build.0 = Release|Any CPU
		{3E7DD381-095E-4CAF-9EBA-F7D6BECC70B9}.Debug|Any CPU.ActiveCfg = Debug|Any CPU
		{3E7DD381-095E-4CAF-9EBA-F7D6BECC70B9}.Debug|Any CPU.Build.0 = Debug|Any CPU
		{3E7DD381-095E-4CAF-9EBA-F7D6BECC70B9}.Release|Any CPU.ActiveCfg = Release|Any CPU
		{3E7DD381-095E-4CAF-9EBA-F7D6BECC70B9}.Release|Any CPU.Build.0 = Release|Any CPU
	EndGlobalSection
	GlobalSection(SolutionProperties) = preSolution
		HideSolutionNode = FALSE
	EndGlobalSection
	GlobalSection(NestedProjects) = preSolution
		{B055B67B-6FEA-485A-88BE-B1E33474BDE7} = {A811E3C4-4745-4EEF-855C-AC86BDD2E426}
		{4FB4DE6F-7223-4285-85E9-6265EAB8575F} = {38075EFF-127B-449D-AE15-A5B420441B1B}
		{BC00FEF9-2E97-487B-BC96-89B7A94F63EE} = {D15BD802-0794-4169-98E2-3D4266E6A676}
		{C85BC905-138B-4757-8D09-F96001346047} = {D15BD802-0794-4169-98E2-3D4266E6A676}
		{ACA913A8-0B87-49F8-9285-5C80C6A2E81A} = {A811E3C4-4745-4EEF-855C-AC86BDD2E426}
		{A811E3C4-4745-4EEF-855C-AC86BDD2E426} = {1DD7694C-42A0-4191-AB6B-2B0EF5F250DD}
		{D15BD802-0794-4169-98E2-3D4266E6A676} = {1DD7694C-42A0-4191-AB6B-2B0EF5F250DD}
		{38075EFF-127B-449D-AE15-A5B420441B1B} = {1DD7694C-42A0-4191-AB6B-2B0EF5F250DD}
		{3E7DD381-095E-4CAF-9EBA-F7D6BECC70B9} = {A811E3C4-4745-4EEF-855C-AC86BDD2E426}
	EndGlobalSection
	GlobalSection(ExtensibilityGlobals) = postSolution
		SolutionGuid = {AB9DFE20-30DF-4E32-A1BA-3AEFD8E013AF}
	EndGlobalSection
EndGlobal
